
Microsoft Visual Studio Solution File, Format Version 12.00
# Visual Studio Version 17
VisualStudioVersion = 17.9.34728.123
MinimumVisualStudioVersion = 10.0.40219.1
Project("{9A19103F-16F7-4668-BE54-9A1E7A4F7556}") = "weatherApp", "weatherApp\weatherApp.csproj", "{743E374D-0F6C-457D-BA9B-80D65C9962E2}"
EndProject
Project("{9A19103F-16F7-4668-BE54-9A1E7A4F7556}") = "ServiceContracts", "ServiceContracts\ServiceContracts.csproj", "{33C7D083-1102-46F0-AAFB-BDD558CBC2EF}"
EndProject
Project("{9A19103F-16F7-4668-BE54-9A1E7A4F7556}") = "Services", "Services\Services.csproj", "{054465F2-B4E1-42DD-A263-056843645A24}"
EndProject
Project("{FAE04EC0-301F-11D3-BF4B-00C04F79EFBC}") = "Models", "Models\Models.csproj", "{ECC444A0-54A3-4DFE-AFE8-80EA97E82CB1}"
EndProject
Global
	GlobalSection(SolutionConfigurationPlatforms) = preSolution
		Debug|Any CPU = Debug|Any CPU
		Release|Any CPU = Release|Any CPU
	EndGlobalSection
	GlobalSection(ProjectConfigurationPlatforms) = postSolution
		{743E374D-0F6C-457D-BA9B-80D65C9962E2}.Debug|Any CPU.ActiveCfg = Debug|Any CPU
		{743E374D-0F6C-457D-BA9B-80D65C9962E2}.Debug|Any CPU.Build.0 = Debug|Any CPU
		{743E374D-0F6C-457D-BA9B-80D65C9962E2}.Release|Any CPU.ActiveCfg = Release|Any CPU
		{743E374D-0F6C-457D-BA9B-80D65C9962E2}.Release|Any CPU.Build.0 = Release|Any CPU
		{33C7D083-1102-46F0-AAFB-BDD558CBC2EF}.Debug|Any CPU.ActiveCfg = Debug|Any CPU
		{33C7D083-1102-46F0-AAFB-BDD558CBC2EF}.Debug|Any CPU.Build.0 = Debug|Any CPU
		{33C7D083-1102-46F0-AAFB-BDD558CBC2EF}.Release|Any CPU.ActiveCfg = Release|Any CPU
		{33C7D083-1102-46F0-AAFB-BDD558CBC2EF}.Release|Any CPU.Build.0 = Release|Any CPU
		{054465F2-B4E1-42DD-A263-056843645A24}.Debug|Any CPU.ActiveCfg = Debug|Any CPU
		{054465F2-B4E1-42DD-A263-056843645A24}.Debug|Any CPU.Build.0 = Debug|Any CPU
		{054465F2-B4E1-42DD-A263-056843645A24}.Release|Any CPU.ActiveCfg = Release|Any CPU
		{054465F2-B4E1-42DD-A263-056843645A24}.Release|Any CPU.Build.0 = Release|Any CPU
		{ECC444A0-54A3-4DFE-AFE8-80EA97E82CB1}.Debug|Any CPU.ActiveCfg = Debug|Any CPU
		{ECC444A0-54A3-4DFE-AFE8-80EA97E82CB1}.Debug|Any CPU.Build.0 = Debug|Any CPU
		{ECC444A0-54A3-4DFE-AFE8-80EA97E82CB1}.Release|Any CPU.ActiveCfg = Release|Any CPU
		{ECC444A0-54A3-4DFE-AFE8-80EA97E82CB1}.Release|Any CPU.Build.0 = Release|Any CPU
	EndGlobalSection
	GlobalSection(SolutionProperties) = preSolution
		HideSolutionNode = FALSE
	EndGlobalSection
	GlobalSection(ExtensibilityGlobals) = postSolution
		SolutionGuid = {FFEEB105-564A-4C10-8438-437B8811A800}
	EndGlobalSection
EndGlobal
